
Microsoft Visual Studio Solution File, Format Version 12.00
# Visual Studio 15
VisualStudioVersion = 15.0.26124.0
MinimumVisualStudioVersion = 15.0.26124.0
Project("{FAE04EC0-301F-11D3-BF4B-00C04F79EFBC}") = "IdentityServer", "IdentityServer\IdentityServer.csproj", "{DDD50E7B-C4BF-4B32-A4DB-08FC271F89F6}"
EndProject
Project("{FAE04EC0-301F-11D3-BF4B-00C04F79EFBC}") = "SampleAPI", "SampleAPI\SampleAPI.csproj", "{EDAE9ED8-E35D-47DC-97B1-3E65B2F0D0C0}"
EndProject
Project("{FAE04EC0-301F-11D3-BF4B-00C04F79EFBC}") = "SampleMVC", "SampleMVC\SampleMVC.csproj", "{F9B753AE-FAD1-4ACC-BF34-BDC76703D249}"
EndProject
Global
	GlobalSection(SolutionConfigurationPlatforms) = preSolution
		Debug|Any CPU = Debug|Any CPU
		Debug|x64 = Debug|x64
		Debug|x86 = Debug|x86
		Release|Any CPU = Release|Any CPU
		Release|x64 = Release|x64
		Release|x86 = Release|x86
	EndGlobalSection
	GlobalSection(SolutionProperties) = preSolution
		HideSolutionNode = FALSE
	EndGlobalSection
	GlobalSection(ProjectConfigurationPlatforms) = postSolution
		{DDD50E7B-C4BF-4B32-A4DB-08FC271F89F6}.Debug|Any CPU.ActiveCfg = Debug|Any CPU
		{DDD50E7B-C4BF-4B32-A4DB-08FC271F89F6}.Debug|Any CPU.Build.0 = Debug|Any CPU
		{DDD50E7B-C4BF-4B32-A4DB-08FC271F89F6}.Debug|x64.ActiveCfg = Debug|Any CPU
		{DDD50E7B-C4BF-4B32-A4DB-08FC271F89F6}.Debug|x64.Build.0 = Debug|Any CPU
		{DDD50E7B-C4BF-4B32-A4DB-08FC271F89F6}.Debug|x86.ActiveCfg = Debug|Any CPU
		{DDD50E7B-C4BF-4B32-A4DB-08FC271F89F6}.Debug|x86.Build.0 = Debug|Any CPU
		{DDD50E7B-C4BF-4B32-A4DB-08FC271F89F6}.Release|Any CPU.ActiveCfg = Release|Any CPU
		{DDD50E7B-C4BF-4B32-A4DB-08FC271F89F6}.Release|Any CPU.Build.0 = Release|Any CPU
		{DDD50E7B-C4BF-4B32-A4DB-08FC271F89F6}.Release|x64.ActiveCfg = Release|Any CPU
		{DDD50E7B-C4BF-4B32-A4DB-08FC271F89F6}.Release|x64.Build.0 = Release|Any CPU
		{DDD50E7B-C4BF-4B32-A4DB-08FC271F89F6}.Release|x86.ActiveCfg = Release|Any CPU
		{DDD50E7B-C4BF-4B32-A4DB-08FC271F89F6}.Release|x86.Build.0 = Release|Any CPU
		{EDAE9ED8-E35D-47DC-97B1-3E65B2F0D0C0}.Debug|Any CPU.ActiveCfg = Debug|Any CPU
		{EDAE9ED8-E35D-47DC-97B1-3E65B2F0D0C0}.Debug|Any CPU.Build.0 = Debug|Any CPU
		{EDAE9ED8-E35D-47DC-97B1-3E65B2F0D0C0}.Debug|x64.ActiveCfg = Debug|Any CPU
		{EDAE9ED8-E35D-47DC-97B1-3E65B2F0D0C0}.Debug|x64.Build.0 = Debug|Any CPU
		{EDAE9ED8-E35D-47DC-97B1-3E65B2F0D0C0}.Debug|x86.ActiveCfg = Debug|Any CPU
		{EDAE9ED8-E35D-47DC-97B1-3E65B2F0D0C0}.Debug|x86.Build.0 = Debug|Any CPU
		{EDAE9ED8-E35D-47DC-97B1-3E65B2F0D0C0}.Release|Any CPU.ActiveCfg = Release|Any CPU
		{EDAE9ED8-E35D-47DC-97B1-3E65B2F0D0C0}.Release|Any CPU.Build.0 = Release|Any CPU
		{EDAE9ED8-E35D-47DC-97B1-3E65B2F0D0C0}.Release|x64.ActiveCfg = Release|Any CPU
		{EDAE9ED8-E35D-47DC-97B1-3E65B2F0D0C0}.Release|x64.Build.0 = Release|Any CPU
		{EDAE9ED8-E35D-47DC-97B1-3E65B2F0D0C0}.Release|x86.ActiveCfg = Release|Any CPU
		{EDAE9ED8-E35D-47DC-97B1-3E65B2F0D0C0}.Release|x86.Build.0 = Release|Any CPU
		{F9B753AE-FAD1-4ACC-BF34-BDC76703D249}.Debug|Any CPU.ActiveCfg = Debug|Any CPU
		{F9B753AE-FAD1-4ACC-BF34-BDC76703D249}.Debug|Any CPU.Build.0 = Debug|Any CPU
		{F9B753AE-FAD1-4ACC-BF34-BDC76703D249}.Debug|x64.ActiveCfg = Debug|Any CPU
		{F9B753AE-FAD1-4ACC-BF34-BDC76703D249}.Debug|x64.Build.0 = Debug|Any CPU
		{F9B753AE-FAD1-4ACC-BF34-BDC76703D249}.Debug|x86.ActiveCfg = Debug|Any CPU
		{F9B753AE-FAD1-4ACC-BF34-BDC76703D249}.Debug|x86.Build.0 = Debug|Any CPU
		{F9B753AE-FAD1-4ACC-BF34-BDC76703D249}.Release|Any CPU.ActiveCfg = Release|Any CPU
		{F9B753AE-FAD1-4ACC-BF34-BDC76703D249}.Release|Any CPU.Build.0 = Release|Any CPU
		{F9B753AE-FAD1-4ACC-BF34-BDC76703D249}.Release|x64.ActiveCfg = Release|Any CPU
		{F9B753AE-FAD1-4ACC-BF34-BDC76703D249}.Release|x64.Build.0 = Release|Any CPU
		{F9B753AE-FAD1-4ACC-BF34-BDC76703D249}.Release|x86.ActiveCfg = Release|Any CPU
		{F9B753AE-FAD1-4ACC-BF34-BDC76703D249}.Release|x86.Build.0 = Release|Any CPU
	EndGlobalSection
EndGlobal
